
Microsoft Visual Studio Solution File, Format Version 12.00
# Visual Studio 2013
VisualStudioVersion = 12.0.40629.0
MinimumVisualStudioVersion = 10.0.40219.1
Project("{FAE04EC0-301F-11D3-BF4B-00C04F79EFBC}") = "VANN_VORNG", "VANN_VORNG\VANN_VORNG.csproj", "{BFCCEC19-FE23-464E-B500-573DE8A4770E}"
EndProject
Global
	GlobalSection(SolutionConfigurationPlatforms) = preSolution
		Debug|Any CPU = Debug|Any CPU
		Release|Any CPU = Release|Any CPU
	EndGlobalSection
	GlobalSection(ProjectConfigurationPlatforms) = postSolution
		{BFCCEC19-FE23-464E-B500-573DE8A4770E}.Debug|Any CPU.ActiveCfg = Debug|Any CPU
		{BFCCEC19-FE23-464E-B500-573DE8A4770E}.Debug|Any CPU.Build.0 = Debug|Any CPU
		{BFCCEC19-FE23-464E-B500-573DE8A4770E}.Release|Any CPU.ActiveCfg = Release|Any CPU
		{BFCCEC19-FE23-464E-B500-573DE8A4770E}.Release|Any CPU.Build.0 = Release|Any CPU
	EndGlobalSection
	GlobalSection(SolutionProperties) = preSolution
		HideSolutionNode = FALSE
	EndGlobalSection
EndGlobal
